
Microsoft Visual Studio Solution File, Format Version 12.00
# Visual Studio Version 17
VisualStudioVersion = 17.0.31919.166
MinimumVisualStudioVersion = 10.0.40219.1
Project("{FAE04EC0-301F-11D3-BF4B-00C04F79EFBC}") = "MediatRTests", "MediatRTests\MediatRTests.csproj", "{6AB56962-3368-4CE8-AA84-AB779795B541}"
EndProject
Project("{FAE04EC0-301F-11D3-BF4B-00C04F79EFBC}") = "MediatRTests.MediatRDTO", "MediatRTests.DTO\MediatRTests.MediatRDTO.csproj", "{659CF057-5960-46FD-B7C5-FCC685444EB4}"
EndProject
Project("{FAE04EC0-301F-11D3-BF4B-00C04F79EFBC}") = "MediatRTests.DTOs", "MediatRTests.DTOs\MediatRTests.DTOs.csproj", "{4D06267A-23AD-4080-96F4-78889547B4ED}"
EndProject
Global
	GlobalSection(SolutionConfigurationPlatforms) = preSolution
		Debug|Any CPU = Debug|Any CPU
		Release|Any CPU = Release|Any CPU
	EndGlobalSection
	GlobalSection(ProjectConfigurationPlatforms) = postSolution
		{6AB56962-3368-4CE8-AA84-AB779795B541}.Debug|Any CPU.ActiveCfg = Debug|Any CPU
		{6AB56962-3368-4CE8-AA84-AB779795B541}.Debug|Any CPU.Build.0 = Debug|Any CPU
		{6AB56962-3368-4CE8-AA84-AB779795B541}.Release|Any CPU.ActiveCfg = Release|Any CPU
		{6AB56962-3368-4CE8-AA84-AB779795B541}.Release|Any CPU.Build.0 = Release|Any CPU
		{659CF057-5960-46FD-B7C5-FCC685444EB4}.Debug|Any CPU.ActiveCfg = Debug|Any CPU
		{659CF057-5960-46FD-B7C5-FCC685444EB4}.Debug|Any CPU.Build.0 = Debug|Any CPU
		{659CF057-5960-46FD-B7C5-FCC685444EB4}.Release|Any CPU.ActiveCfg = Release|Any CPU
		{659CF057-5960-46FD-B7C5-FCC685444EB4}.Release|Any CPU.Build.0 = Release|Any CPU
		{4D06267A-23AD-4080-96F4-78889547B4ED}.Debug|Any CPU.ActiveCfg = Debug|Any CPU
		{4D06267A-23AD-4080-96F4-78889547B4ED}.Debug|Any CPU.Build.0 = Debug|Any CPU
		{4D06267A-23AD-4080-96F4-78889547B4ED}.Release|Any CPU.ActiveCfg = Release|Any CPU
		{4D06267A-23AD-4080-96F4-78889547B4ED}.Release|Any CPU.Build.0 = Release|Any CPU
	EndGlobalSection
	GlobalSection(SolutionProperties) = preSolution
		HideSolutionNode = FALSE
	EndGlobalSection
	GlobalSection(ExtensibilityGlobals) = postSolution
		SolutionGuid = {03FDCF6B-8092-485E-9326-770F03EF9D53}
	EndGlobalSection
EndGlobal
